// !$*UTF8*$!
{
	archiveVersion = 1;
	classes = {
	};
	objectVersion = 51;
	objects = {

/* Begin PBXBuildFile section */
		91A1C8FA6628840D52AE4EF3 /* Pods_CovidStats_APP_7.framework in Frameworks */ = {isa = PBXBuildFile; fileRef = 36F3155D2154571B1610479C /* Pods_CovidStats_APP_7.framework */; };
		A09D79D1281A6BE0006CEC69 /* CovidOverView.swift in Sources */ = {isa = PBXBuildFile; fileRef = A09D79D0281A6BE0006CEC69 /* CovidOverView.swift */; };
		A09D79D4281A9201006CEC69 /* APIKey.swift in Sources */ = {isa = PBXBuildFile; fileRef = A09D79D3281A9201006CEC69 /* APIKey.swift */; };
		A0D8F837281A425F009D7F3A /* CovidDetailTableViewController.swift in Sources */ = {isa = PBXBuildFile; fileRef = A0D8F836281A425F009D7F3A /* CovidDetailTableViewController.swift */; };
		A0E2EE3A281A3B0C00B838FD /* AppDelegate.swift in Sources */ = {isa = PBXBuildFile; fileRef = A0E2EE39281A3B0C00B838FD /* AppDelegate.swift */; };
		A0E2EE3C281A3B0C00B838FD /* SceneDelegate.swift in Sources */ = {isa = PBXBuildFile; fileRef = A0E2EE3B281A3B0C00B838FD /* SceneDelegate.swift */; };
		A0E2EE3E281A3B0C00B838FD /* ViewController.swift in Sources */ = {isa = PBXBuildFile; fileRef = A0E2EE3D281A3B0C00B838FD /* ViewController.swift */; };
		A0E2EE41281A3B0C00B838FD /* Main.storyboard in Resources */ = {isa = PBXBuildFile; fileRef = A0E2EE3F281A3B0C00B838FD /* Main.storyboard */; };
		A0E2EE43281A3B0E00B838FD /* Assets.xcassets in Resources */ = {isa = PBXBuildFile; fileRef = A0E2EE42281A3B0E00B838FD /* Assets.xcassets */; };
		A0E2EE46281A3B0E00B838FD /* LaunchScreen.storyboard in Resources */ = {isa = PBXBuildFile; fileRef = A0E2EE44281A3B0E00B838FD /* LaunchScreen.storyboard */; };
/* End PBXBuildFile section */

/* Begin PBXFileReference section */
		36F3155D2154571B1610479C /* Pods_CovidStats_APP_7.framework */ = {isa = PBXFileReference; explicitFileType = wrapper.framework; includeInIndex = 0; path = Pods_CovidStats_APP_7.framework; sourceTree = BUILT_PRODUCTS_DIR; };
		653060F0E7AFBFB335137E71 /* Pods-CovidStats APP#7.debug.xcconfig */ = {isa = PBXFileReference; includeInIndex = 1; lastKnownFileType = text.xcconfig; name = "Pods-CovidStats APP#7.debug.xcconfig"; path = "Target Support Files/Pods-CovidStats APP#7/Pods-CovidStats APP#7.debug.xcconfig"; sourceTree = "<group>"; };
		A09D79D0281A6BE0006CEC69 /* CovidOverView.swift */ = {isa = PBXFileReference; lastKnownFileType = sourcecode.swift; path = CovidOverView.swift; sourceTree = "<group>"; };
		A09D79D3281A9201006CEC69 /* APIKey.swift */ = {isa = PBXFileReference; lastKnownFileType = sourcecode.swift; path = APIKey.swift; sourceTree = "<group>"; };
		A0D8F836281A425F009D7F3A /* CovidDetailTableViewController.swift */ = {isa = PBXFileReference; lastKnownFileType = sourcecode.swift; path = CovidDetailTableViewController.swift; sourceTree = "<group>"; };
		A0E2EE36281A3B0C00B838FD /* CovidStats APP#7.app */ = {isa = PBXFileReference; explicitFileType = wrapper.application; includeInIndex = 0; path = "CovidStats APP#7.app"; sourceTree = BUILT_PRODUCTS_DIR; };
		A0E2EE39281A3B0C00B838FD /* AppDelegate.swift */ = {isa = PBXFileReference; lastKnownFileType = sourcecode.swift; path = AppDelegate.swift; sourceTree = "<group>"; };
		A0E2EE3B281A3B0C00B838FD /* SceneDelegate.swift */ = {isa = PBXFileReference; lastKnownFileType = sourcecode.swift; path = SceneDelegate.swift; sourceTree = "<group>"; };
		A0E2EE3D281A3B0C00B838FD /* ViewController.swift */ = {isa = PBXFileReference; lastKnownFileType = sourcecode.swift; path = ViewController.swift; sourceTree = "<group>"; };
		A0E2EE40281A3B0C00B838FD /* Base */ = {isa = PBXFileReference; lastKnownFileType = file.storyboard; name = Base; path = Base.lproj/Main.storyboard; sourceTree = "<group>"; };
		A0E2EE42281A3B0E00B838FD /* Assets.xcassets */ = {isa = PBXFileReference; lastKnownFileType = folder.assetcatalog; path = Assets.xcassets; sourceTree = "<group>"; };
		A0E2EE45281A3B0E00B838FD /* Base */ = {isa = PBXFileReference; lastKnownFileType = file.storyboard; name = Base; path = Base.lproj/LaunchScreen.storyboard; sourceTree = "<group>"; };
		A0E2EE47281A3B0E00B838FD /* Info.plist */ = {isa = PBXFileReference; lastKnownFileType = text.plist.xml; path = Info.plist; sourceTree = "<group>"; };
		D4CECF749CF63A4DDC923591 /* Pods-CovidStats APP#7.release.xcconfig */ = {isa = PBXFileReference; includeInIndex = 1; lastKnownFileType = text.xcconfig; name = "Pods-CovidStats APP#7.release.xcconfig"; path = "Target Support Files/Pods-CovidStats APP#7/Pods-CovidStats APP#7.release.xcconfig"; sourceTree = "<group>"; };
/* End PBXFileReference section */

/* Begin PBXFrameworksBuildPhase section */
		A0E2EE33281A3B0C00B838FD /* Frameworks */ = {
			isa = PBXFrameworksBuildPhase;
			buildActionMask = 2147483647;
			files = (
				91A1C8FA6628840D52AE4EF3 /* Pods_CovidStats_APP_7.framework in Frameworks */,
			);
			runOnlyForDeploymentPostprocessing = 0;
		};
/* End PBXFrameworksBuildPhase section */

/* Begin PBXGroup section */
		2E8FC3C8E3A2A41D199504CE /* Pods */ = {
			isa = PBXGroup;
			children = (
				653060F0E7AFBFB335137E71 /* Pods-CovidStats APP#7.debug.xcconfig */,
				D4CECF749CF63A4DDC923591 /* Pods-CovidStats APP#7.release.xcconfig */,
			);
			path = Pods;
			sourceTree = "<group>";
		};
		41B3CE5EAA9A181942AF66BB /* Frameworks */ = {
			isa = PBXGroup;
			children = (
				36F3155D2154571B1610479C /* Pods_CovidStats_APP_7.framework */,
			);
			name = Frameworks;
			sourceTree = "<group>";
		};
		A09D79CF281A6B7E006CEC69 /* Model */ = {
			isa = PBXGroup;
			children = (
				A09D79D0281A6BE0006CEC69 /* CovidOverView.swift */,
			);
			path = Model;
			sourceTree = "<group>";
		};
		A0E2EE2D281A3B0C00B838FD = {
			isa = PBXGroup;
			children = (
				A0E2EE38281A3B0C00B838FD /* CovidStats APP#7 */,
				A0E2EE37281A3B0C00B838FD /* Products */,
				2E8FC3C8E3A2A41D199504CE /* Pods */,
				41B3CE5EAA9A181942AF66BB /* Frameworks */,
			);
			sourceTree = "<group>";
		};
		A0E2EE37281A3B0C00B838FD /* Products */ = {
			isa = PBXGroup;
			children = (
				A0E2EE36281A3B0C00B838FD /* CovidStats APP#7.app */,
			);
			name = Products;
			sourceTree = "<group>";
		};
		A0E2EE38281A3B0C00B838FD /* CovidStats APP#7 */ = {
			isa = PBXGroup;
			children = (
				A09D79CF281A6B7E006CEC69 /* Model */,
				A0E2EE39281A3B0C00B838FD /* AppDelegate.swift */,
				A0E2EE3B281A3B0C00B838FD /* SceneDelegate.swift */,
				A0E2EE3D281A3B0C00B838FD /* ViewController.swift */,
				A0E2EE3F281A3B0C00B838FD /* Main.storyboard */,
				A0E2EE42281A3B0E00B838FD /* Assets.xcassets */,
				A0E2EE44281A3B0E00B838FD /* LaunchScreen.storyboard */,
				A0E2EE47281A3B0E00B838FD /* Info.plist */,
				A0D8F836281A425F009D7F3A /* CovidDetailTableViewController.swift */,
				A09D79D3281A9201006CEC69 /* APIKey.swift */,
			);
			path = "CovidStats APP#7";
			sourceTree = "<group>";
		};
/* End PBXGroup section */

/* Begin PBXNativeTarget section */
		A0E2EE35281A3B0C00B838FD /* CovidStats APP#7 */ = {
			isa = PBXNativeTarget;
			buildConfigurationList = A0E2EE4A281A3B0E00B838FD /* Build configuration list for PBXNativeTarget "CovidStats APP#7" */;
			buildPhases = (
				21A07AF97E06F7C619E4052A /* [CP] Check Pods Manifest.lock */,
				A0E2EE32281A3B0C00B838FD /* Sources */,
				A0E2EE33281A3B0C00B838FD /* Frameworks */,
				A0E2EE34281A3B0C00B838FD /* Resources */,
				1F86AC48D24ED961B40B49E4 /* [CP] Embed Pods Frameworks */,
			);
			buildRules = (
			);
			dependencies = (
			);
			name = "CovidStats APP#7";
			productName = "CovidStats APP#7";
			productReference = A0E2EE36281A3B0C00B838FD /* CovidStats APP#7.app */;
			productType = "com.apple.product-type.application";
		};
/* End PBXNativeTarget section */

/* Begin PBXProject section */
		A0E2EE2E281A3B0C00B838FD /* Project object */ = {
			isa = PBXProject;
			attributes = {
				LastSwiftUpdateCheck = 1250;
				LastUpgradeCheck = 1250;
				TargetAttributes = {
					A0E2EE35281A3B0C00B838FD = {
						CreatedOnToolsVersion = 12.5.1;
					};
				};
			};
			buildConfigurationList = A0E2EE31281A3B0C00B838FD /* Build configuration list for PBXProject "CovidStats APP#7" */;
			compatibilityVersion = "Xcode 9.3";
			developmentRegion = en;
			hasScannedForEncodings = 0;
			knownRegions = (
				en,
				Base,
			);
			mainGroup = A0E2EE2D281A3B0C00B838FD;
			productRefGroup = A0E2EE37281A3B0C00B838FD /* Products */;
			projectDirPath = "";
			projectRoot = "";
			targets = (
				A0E2EE35281A3B0C00B838FD /* CovidStats APP#7 */,
			);
		};
/* End PBXProject section */

/* Begin PBXResourcesBuildPhase section */
		A0E2EE34281A3B0C00B838FD /* Resources */ = {
			isa = PBXResourcesBuildPhase;
			buildActionMask = 2147483647;
			files = (
				A0E2EE46281A3B0E00B838FD /* LaunchScreen.storyboard in Resources */,
				A0E2EE43281A3B0E00B838FD /* Assets.xcassets in Resources */,
				A0E2EE41281A3B0C00B838FD /* Main.storyboard in Resources */,
			);
			runOnlyForDeploymentPostprocessing = 0;
		};
/* End PBXResourcesBuildPhase section */

/* Begin PBXShellScriptBuildPhase section */
		1F86AC48D24ED961B40B49E4 /* [CP] Embed Pods Frameworks */ = {
			isa = PBXShellScriptBuildPhase;
			buildActionMask = 2147483647;
			files = (
			);
			inputFileListPaths = (
				"${PODS_ROOT}/Target Support Files/Pods-CovidStats APP#7/Pods-CovidStats APP#7-frameworks-${CONFIGURATION}-input-files.xcfilelist",
			);
			name = "[CP] Embed Pods Frameworks";
			outputFileListPaths = (
				"${PODS_ROOT}/Target Support Files/Pods-CovidStats APP#7/Pods-CovidStats APP#7-frameworks-${CONFIGURATION}-output-files.xcfilelist",
			);
			runOnlyForDeploymentPostprocessing = 0;
			shellPath = /bin/sh;
			shellScript = "\"${PODS_ROOT}/Target Support Files/Pods-CovidStats APP#7/Pods-CovidStats APP#7-frameworks.sh\"\n";
			showEnvVarsInLog = 0;
		};
		21A07AF97E06F7C619E4052A /* [CP] Check Pods Manifest.lock */ = {
			isa = PBXShellScriptBuildPhase;
			buildActionMask = 2147483647;
			files = (
			);
			inputFileListPaths = (
			);
			inputPaths = (
				"${PODS_PODFILE_DIR_PATH}/Podfile.lock",
				"${PODS_ROOT}/Manifest.lock",
			);
			name = "[CP] Check Pods Manifest.lock";
			outputFileListPaths = (
			);
			outputPaths = (
				"$(DERIVED_FILE_DIR)/Pods-CovidStats APP#7-checkManifestLockResult.txt",
			);
			runOnlyForDeploymentPostprocessing = 0;
			shellPath = /bin/sh;
			shellScript = "diff \"${PODS_PODFILE_DIR_PATH}/Podfile.lock\" \"${PODS_ROOT}/Manifest.lock\" > /dev/null\nif [ $? != 0 ] ; then\n    # print error to STDERR\n    echo \"error: The sandbox is not in sync with the Podfile.lock. Run 'pod install' or update your CocoaPods installation.\" >&2\n    exit 1\nfi\n# This output is used by Xcode 'outputs' to avoid re-running this script phase.\necho \"SUCCESS\" > \"${SCRIPT_OUTPUT_FILE_0}\"\n";
			showEnvVarsInLog = 0;
		};
/* End PBXShellScriptBuildPhase section */

/* Begin PBXSourcesBuildPhase section */
		A0E2EE32281A3B0C00B838FD /* Sources */ = {
			isa = PBXSourcesBuildPhase;
			buildActionMask = 2147483647;
			files = (
				A0E2EE3E281A3B0C00B838FD /* ViewController.swift in Sources */,
				A0E2EE3A281A3B0C00B838FD /* AppDelegate.swift in Sources */,
				A0D8F837281A425F009D7F3A /* CovidDetailTableViewController.swift in Sources */,
				A09D79D1281A6BE0006CEC69 /* CovidOverView.swift in Sources */,
				A09D79D4281A9201006CEC69 /* APIKey.swift in Sources */,
				A0E2EE3C281A3B0C00B838FD /* SceneDelegate.swift in Sources */,
			);
			runOnlyForDeploymentPostprocessing = 0;
		};
/* End PBXSourcesBuildPhase section */

/* Begin PBXVariantGroup section */
		A0E2EE3F281A3B0C00B838FD /* Main.storyboard */ = {
			isa = PBXVariantGroup;
			children = (
				A0E2EE40281A3B0C00B838FD /* Base */,
			);
			name = Main.storyboard;
			sourceTree = "<group>";
		};
		A0E2EE44281A3B0E00B838FD /* LaunchScreen.storyboard */ = {
			isa = PBXVariantGroup;
			children = (
				A0E2EE45281A3B0E00B838FD /* Base */,
			);
			name = LaunchScreen.storyboard;
			sourceTree = "<group>";
		};
/* End PBXVariantGroup section */

/* Begin XCBuildConfiguration section */
		A0E2EE48281A3B0E00B838FD /* Debug */ = {
			isa = XCBuildConfiguration;
			buildSettings = {
				ALWAYS_SEARCH_USER_PATHS = NO;
				CLANG_ANALYZER_NONNULL = YES;
				CLANG_ANALYZER_NUMBER_OBJECT_CONVERSION = YES_AGGRESSIVE;
				CLANG_CXX_LANGUAGE_STANDARD = "gnu++14";
				CLANG_CXX_LIBRARY = "libc++";
				CLANG_ENABLE_MODULES = YES;
				CLANG_ENABLE_OBJC_ARC = YES;
				CLANG_ENABLE_OBJC_WEAK = YES;
				CLANG_WARN_BLOCK_CAPTURE_AUTORELEASING = YES;
				CLANG_WARN_BOOL_CONVERSION = YES;
				CLANG_WARN_COMMA = YES;
				CLANG_WARN_CONSTANT_CONVERSION = YES;
				CLANG_WARN_DEPRECATED_OBJC_IMPLEMENTATIONS = YES;
				CLANG_WARN_DIRECT_OBJC_ISA_USAGE = YES_ERROR;
				CLANG_WARN_DOCUMENTATION_COMMENTS = YES;
				CLANG_WARN_EMPTY_BODY = YES;
				CLANG_WARN_ENUM_CONVERSION = YES;
				CLANG_WARN_INFINITE_RECURSION = YES;
				CLANG_WARN_INT_CONVERSION = YES;
				CLANG_WARN_NON_LITERAL_NULL_CONVERSION = YES;
				CLANG_WARN_OBJC_IMPLICIT_RETAIN_SELF = YES;
				CLANG_WARN_OBJC_LITERAL_CONVERSION = YES;
				CLANG_WARN_OBJC_ROOT_CLASS = YES_ERROR;
				CLANG_WARN_QUOTED_INCLUDE_IN_FRAMEWORK_HEADER = YES;
				CLANG_WARN_RANGE_LOOP_ANALYSIS = YES;
				CLANG_WARN_STRICT_PROTOTYPES = YES;
				CLANG_WARN_SUSPICIOUS_MOVE = YES;
				CLANG_WARN_UNGUARDED_AVAILABILITY = YES_AGGRESSIVE;
				CLANG_WARN_UNREACHABLE_CODE = YES;
				CLANG_WARN__DUPLICATE_METHOD_MATCH = YES;
				COPY_PHASE_STRIP = NO;
				DEBUG_INFORMATION_FORMAT = dwarf;
				ENABLE_STRICT_OBJC_MSGSEND = YES;
				ENABLE_TESTABILITY = YES;
				GCC_C_LANGUAGE_STANDARD = gnu11;
				GCC_DYNAMIC_NO_PIC = NO;
				GCC_NO_COMMON_BLOCKS = YES;
				GCC_OPTIMIZATION_LEVEL = 0;
				GCC_PREPROCESSOR_DEFINITIONS = (
					"DEBUG=1",
					"$(inherited)",
				);
				GCC_WARN_64_TO_32_BIT_CONVERSION = YES;
				GCC_WARN_ABOUT_RETURN_TYPE = YES_ERROR;
				GCC_WARN_UNDECLARED_SELECTOR = YES;
				GCC_WARN_UNINITIALIZED_AUTOS = YES_AGGRESSIVE;
				GCC_WARN_UNUSED_FUNCTION = YES;
				GCC_WARN_UNUSED_VARIABLE = YES;
				IPHONEOS_DEPLOYMENT_TARGET = 14.5;
				MTL_ENABLE_DEBUG_INFO = INCLUDE_SOURCE;
				MTL_FAST_MATH = YES;
				ONLY_ACTIVE_ARCH = YES;
				SDKROOT = iphoneos;
				SWIFT_ACTIVE_COMPILATION_CONDITIONS = DEBUG;
				SWIFT_OPTIMIZATION_LEVEL = "-Onone";
			};
			name = Debug;
		};
		A0E2EE49281A3B0E00B838FD /* Release */ = {
			isa = XCBuildConfiguration;
			buildSettings = {
				ALWAYS_SEARCH_USER_PATHS = NO;
				CLANG_ANALYZER_NONNULL = YES;
				CLANG_ANALYZER_NUMBER_OBJECT_CONVERSION = YES_AGGRESSIVE;
				CLANG_CXX_LANGUAGE_STANDARD = "gnu++14";
				CLANG_CXX_LIBRARY = "libc++";
				CLANG_ENABLE_MODULES = YES;
				CLANG_ENABLE_OBJC_ARC = YES;
				CLANG_ENABLE_OBJC_WEAK = YES;
				CLANG_WARN_BLOCK_CAPTURE_AUTORELEASING = YES;
				CLANG_WARN_BOOL_CONVERSION = YES;
				CLANG_WARN_COMMA = YES;
				CLANG_WARN_CONSTANT_CONVERSION = YES;
				CLANG_WARN_DEPRECATED_OBJC_IMPLEMENTATIONS = YES;
				CLANG_WARN_DIRECT_OBJC_ISA_USAGE = YES_ERROR;
				CLANG_WARN_DOCUMENTATION_COMMENTS = YES;
				CLANG_WARN_EMPTY_BODY = YES;
				CLANG_WARN_ENUM_CONVERSION = YES;
				CLANG_WARN_INFINITE_RECURSION = YES;
				CLANG_WARN_INT_CONVERSION = YES;
				CLANG_WARN_NON_LITERAL_NULL_CONVERSION = YES;
				CLANG_WARN_OBJC_IMPLICIT_RETAIN_SELF = YES;
				CLANG_WARN_OBJC_LITERAL_CONVERSION = YES;
				CLANG_WARN_OBJC_ROOT_CLASS = YES_ERROR;
				CLANG_WARN_QUOTED_INCLUDE_IN_FRAMEWORK_HEADER = YES;
				CLANG_WARN_RANGE_LOOP_ANALYSIS = YES;
				CLANG_WARN_STRICT_PROTOTYPES = YES;
				CLANG_WARN_SUSPICIOUS_MOVE = YES;
				CLANG_WARN_UNGUARDED_AVAILABILITY = YES_AGGRESSIVE;
				CLANG_WARN_UNREACHABLE_CODE = YES;
				CLANG_WARN__DUPLICATE_METHOD_MATCH = YES;
				COPY_PHASE_STRIP = NO;
				DEBUG_INFORMATION_FORMAT = "dwarf-with-dsym";
				ENABLE_NS_ASSERTIONS = NO;
				ENABLE_STRICT_OBJC_MSGSEND = YES;
				GCC_C_LANGUAGE_STANDARD = gnu11;
				GCC_NO_COMMON_BLOCKS = YES;
				GCC_WARN_64_TO_32_BIT_CONVERSION = YES;
				GCC_WARN_ABOUT_RETURN_TYPE = YES_ERROR;
				GCC_WARN_UNDECLARED_SELECTOR = YES;
				GCC_WARN_UNINITIALIZED_AUTOS = YES_AGGRESSIVE;
				GCC_WARN_UNUSED_FUNCTION = YES;
				GCC_WARN_UNUSED_VARIABLE = YES;
				IPHONEOS_DEPLOYMENT_TARGET = 14.5;
				MTL_ENABLE_DEBUG_INFO = NO;
				MTL_FAST_MATH = YES;
				SDKROOT = iphoneos;
				SWIFT_COMPILATION_MODE = wholemodule;
				SWIFT_OPTIMIZATION_LEVEL = "-O";
				VALIDATE_PRODUCT = YES;
			};
			name = Release;
		};
		A0E2EE4B281A3B0E00B838FD /* Debug */ = {
			isa = XCBuildConfiguration;
			baseConfigurationReference = 653060F0E7AFBFB335137E71 /* Pods-CovidStats APP#7.debug.xcconfig */;
			buildSettings = {
				ASSETCATALOG_COMPILER_APPICON_NAME = AppIcon;
				ASSETCATALOG_COMPILER_GLOBAL_ACCENT_COLOR_NAME = AccentColor;
				CODE_SIGN_STYLE = Automatic;
				DEVELOPMENT_TEAM = 92RVV74P3B;
				INFOPLIST_FILE = "CovidStats APP#7/Info.plist";
				LD_RUNPATH_SEARCH_PATHS = (
					"$(inherited)",
					"@executable_path/Frameworks",
				);
				PRODUCT_BUNDLE_IDENTIFIER = "com.jiho.CovidStats-APP-7";
				PRODUCT_NAME = "$(TARGET_NAME)";
				SWIFT_VERSION = 5.0;
				TARGETED_DEVICE_FAMILY = "1,2";
			};
			name = Debug;
		};
		A0E2EE4C281A3B0E00B838FD /* Release */ = {
			isa = XCBuildConfiguration;
			baseConfigurationReference = D4CECF749CF63A4DDC923591 /* Pods-CovidStats APP#7.release.xcconfig */;
			buildSettings = {
				ASSETCATALOG_COMPILER_APPICON_NAME = AppIcon;
				ASSETCATALOG_COMPILER_GLOBAL_ACCENT_COLOR_NAME = AccentColor;
				CODE_SIGN_STYLE = Automatic;
				DEVELOPMENT_TEAM = 92RVV74P3B;
				INFOPLIST_FILE = "CovidStats APP#7/Info.plist";
				LD_RUNPATH_SEARCH_PATHS = (
					"$(inherited)",
					"@executable_path/Frameworks",
				);
				PRODUCT_BUNDLE_IDENTIFIER = "com.jiho.CovidStats-APP-7";
				PRODUCT_NAME = "$(TARGET_NAME)";
				SWIFT_VERSION = 5.0;
				TARGETED_DEVICE_FAMILY = "1,2";
			};
			name = Release;
		};
/* End XCBuildConfiguration section */

/* Begin XCConfigurationList section */
		A0E2EE31281A3B0C00B838FD /* Build configuration list for PBXProject "CovidStats APP#7" */ = {
			isa = XCConfigurationList;
			buildConfigurations = (
				A0E2EE48281A3B0E00B838FD /* Debug */,
				A0E2EE49281A3B0E00B838FD /* Release */,
			);
			defaultConfigurationIsVisible = 0;
			defaultConfigurationName = Release;
		};
		A0E2EE4A281A3B0E00B838FD /* Build configuration list for PBXNativeTarget "CovidStats APP#7" */ = {
			isa = XCConfigurationList;
			buildConfigurations = (
				A0E2EE4B281A3B0E00B838FD /* Debug */,
				A0E2EE4C281A3B0E00B838FD /* Release */,
			);
			defaultConfigurationIsVisible = 0;
			defaultConfigurationName = Release;
		};
/* End XCConfigurationList section */
	};
	rootObject = A0E2EE2E281A3B0C00B838FD /* Project object */;
}
