// !$*UTF8*$!
{
	archiveVersion = 1;
	classes = {
	};
	objectVersion = 50;
	objects = {

/* Begin PBXBuildFile section */
		A034D24527F73A44004CFC5C /* DiaryCollectionViewCell.swift in Sources */ = {isa = PBXBuildFile; fileRef = A034D24427F73A44004CFC5C /* DiaryCollectionViewCell.swift */; };
		A034D24727F73AA5004CFC5C /* StarViewController.swift in Sources */ = {isa = PBXBuildFile; fileRef = A034D24627F73AA5004CFC5C /* StarViewController.swift */; };
		A034D24927F73BEA004CFC5C /* StarCollectionViewCell.swift in Sources */ = {isa = PBXBuildFile; fileRef = A034D24827F73BEA004CFC5C /* StarCollectionViewCell.swift */; };
		A034D24B27F73D5D004CFC5C /* WriteDiaryViewController.swift in Sources */ = {isa = PBXBuildFile; fileRef = A034D24A27F73D5D004CFC5C /* WriteDiaryViewController.swift */; };
		A034D24D27F73DC3004CFC5C /* DiaryDetailViewController.swift in Sources */ = {isa = PBXBuildFile; fileRef = A034D24C27F73DC3004CFC5C /* DiaryDetailViewController.swift */; };
		A06A4AC727F8091D00C51B90 /* Diary.swift in Sources */ = {isa = PBXBuildFile; fileRef = A06A4AC627F8091D00C51B90 /* Diary.swift */; };
		A0D89BAC27F5F4E9008C4C1F /* AppDelegate.swift in Sources */ = {isa = PBXBuildFile; fileRef = A0D89BAB27F5F4E9008C4C1F /* AppDelegate.swift */; };
		A0D89BAE27F5F4E9008C4C1F /* SceneDelegate.swift in Sources */ = {isa = PBXBuildFile; fileRef = A0D89BAD27F5F4E9008C4C1F /* SceneDelegate.swift */; };
		A0D89BB027F5F4E9008C4C1F /* ViewController.swift in Sources */ = {isa = PBXBuildFile; fileRef = A0D89BAF27F5F4E9008C4C1F /* ViewController.swift */; };
		A0D89BB327F5F4E9008C4C1F /* Main.storyboard in Resources */ = {isa = PBXBuildFile; fileRef = A0D89BB127F5F4E9008C4C1F /* Main.storyboard */; };
		A0D89BB527F5F4EA008C4C1F /* Assets.xcassets in Resources */ = {isa = PBXBuildFile; fileRef = A0D89BB427F5F4EA008C4C1F /* Assets.xcassets */; };
		A0D89BB827F5F4EA008C4C1F /* LaunchScreen.storyboard in Resources */ = {isa = PBXBuildFile; fileRef = A0D89BB627F5F4EA008C4C1F /* LaunchScreen.storyboard */; };
/* End PBXBuildFile section */

/* Begin PBXFileReference section */
		A034D24427F73A44004CFC5C /* DiaryCollectionViewCell.swift */ = {isa = PBXFileReference; lastKnownFileType = sourcecode.swift; path = DiaryCollectionViewCell.swift; sourceTree = "<group>"; };
		A034D24627F73AA5004CFC5C /* StarViewController.swift */ = {isa = PBXFileReference; lastKnownFileType = sourcecode.swift; path = StarViewController.swift; sourceTree = "<group>"; };
		A034D24827F73BEA004CFC5C /* StarCollectionViewCell.swift */ = {isa = PBXFileReference; lastKnownFileType = sourcecode.swift; path = StarCollectionViewCell.swift; sourceTree = "<group>"; };
		A034D24A27F73D5D004CFC5C /* WriteDiaryViewController.swift */ = {isa = PBXFileReference; lastKnownFileType = sourcecode.swift; path = WriteDiaryViewController.swift; sourceTree = "<group>"; };
		A034D24C27F73DC3004CFC5C /* DiaryDetailViewController.swift */ = {isa = PBXFileReference; lastKnownFileType = sourcecode.swift; path = DiaryDetailViewController.swift; sourceTree = "<group>"; };
		A06A4AC627F8091D00C51B90 /* Diary.swift */ = {isa = PBXFileReference; lastKnownFileType = sourcecode.swift; path = Diary.swift; sourceTree = "<group>"; };
		A0D89BA827F5F4E9008C4C1F /* MyDiary APP#5.app */ = {isa = PBXFileReference; explicitFileType = wrapper.application; includeInIndex = 0; path = "MyDiary APP#5.app"; sourceTree = BUILT_PRODUCTS_DIR; };
		A0D89BAB27F5F4E9008C4C1F /* AppDelegate.swift */ = {isa = PBXFileReference; lastKnownFileType = sourcecode.swift; path = AppDelegate.swift; sourceTree = "<group>"; };
		A0D89BAD27F5F4E9008C4C1F /* SceneDelegate.swift */ = {isa = PBXFileReference; lastKnownFileType = sourcecode.swift; path = SceneDelegate.swift; sourceTree = "<group>"; };
		A0D89BAF27F5F4E9008C4C1F /* ViewController.swift */ = {isa = PBXFileReference; lastKnownFileType = sourcecode.swift; path = ViewController.swift; sourceTree = "<group>"; };
		A0D89BB227F5F4E9008C4C1F /* Base */ = {isa = PBXFileReference; lastKnownFileType = file.storyboard; name = Base; path = Base.lproj/Main.storyboard; sourceTree = "<group>"; };
		A0D89BB427F5F4EA008C4C1F /* Assets.xcassets */ = {isa = PBXFileReference; lastKnownFileType = folder.assetcatalog; path = Assets.xcassets; sourceTree = "<group>"; };
		A0D89BB727F5F4EA008C4C1F /* Base */ = {isa = PBXFileReference; lastKnownFileType = file.storyboard; name = Base; path = Base.lproj/LaunchScreen.storyboard; sourceTree = "<group>"; };
		A0D89BB927F5F4EA008C4C1F /* Info.plist */ = {isa = PBXFileReference; lastKnownFileType = text.plist.xml; path = Info.plist; sourceTree = "<group>"; };
/* End PBXFileReference section */

/* Begin PBXFrameworksBuildPhase section */
		A0D89BA527F5F4E9008C4C1F /* Frameworks */ = {
			isa = PBXFrameworksBuildPhase;
			buildActionMask = 2147483647;
			files = (
			);
			runOnlyForDeploymentPostprocessing = 0;
		};
/* End PBXFrameworksBuildPhase section */

/* Begin PBXGroup section */
		A0D89B9F27F5F4E9008C4C1F = {
			isa = PBXGroup;
			children = (
				A0D89BAA27F5F4E9008C4C1F /* MyDiary APP#5 */,
				A0D89BA927F5F4E9008C4C1F /* Products */,
			);
			sourceTree = "<group>";
		};
		A0D89BA927F5F4E9008C4C1F /* Products */ = {
			isa = PBXGroup;
			children = (
				A0D89BA827F5F4E9008C4C1F /* MyDiary APP#5.app */,
			);
			name = Products;
			sourceTree = "<group>";
		};
		A0D89BAA27F5F4E9008C4C1F /* MyDiary APP#5 */ = {
			isa = PBXGroup;
			children = (
				A0D89BAB27F5F4E9008C4C1F /* AppDelegate.swift */,
				A0D89BAD27F5F4E9008C4C1F /* SceneDelegate.swift */,
				A0D89BAF27F5F4E9008C4C1F /* ViewController.swift */,
				A0D89BB127F5F4E9008C4C1F /* Main.storyboard */,
				A0D89BB427F5F4EA008C4C1F /* Assets.xcassets */,
				A0D89BB627F5F4EA008C4C1F /* LaunchScreen.storyboard */,
				A0D89BB927F5F4EA008C4C1F /* Info.plist */,
				A034D24427F73A44004CFC5C /* DiaryCollectionViewCell.swift */,
				A034D24627F73AA5004CFC5C /* StarViewController.swift */,
				A034D24827F73BEA004CFC5C /* StarCollectionViewCell.swift */,
				A034D24A27F73D5D004CFC5C /* WriteDiaryViewController.swift */,
				A034D24C27F73DC3004CFC5C /* DiaryDetailViewController.swift */,
				A06A4AC627F8091D00C51B90 /* Diary.swift */,
			);
			path = "MyDiary APP#5";
			sourceTree = "<group>";
		};
/* End PBXGroup section */

/* Begin PBXNativeTarget section */
		A0D89BA727F5F4E9008C4C1F /* MyDiary APP#5 */ = {
			isa = PBXNativeTarget;
			buildConfigurationList = A0D89BBC27F5F4EA008C4C1F /* Build configuration list for PBXNativeTarget "MyDiary APP#5" */;
			buildPhases = (
				A0D89BA427F5F4E9008C4C1F /* Sources */,
				A0D89BA527F5F4E9008C4C1F /* Frameworks */,
				A0D89BA627F5F4E9008C4C1F /* Resources */,
			);
			buildRules = (
			);
			dependencies = (
			);
			name = "MyDiary APP#5";
			productName = "MyDiary APP#5";
			productReference = A0D89BA827F5F4E9008C4C1F /* MyDiary APP#5.app */;
			productType = "com.apple.product-type.application";
		};
/* End PBXNativeTarget section */

/* Begin PBXProject section */
		A0D89BA027F5F4E9008C4C1F /* Project object */ = {
			isa = PBXProject;
			attributes = {
				LastSwiftUpdateCheck = 1250;
				LastUpgradeCheck = 1250;
				TargetAttributes = {
					A0D89BA727F5F4E9008C4C1F = {
						CreatedOnToolsVersion = 12.5.1;
					};
				};
			};
			buildConfigurationList = A0D89BA327F5F4E9008C4C1F /* Build configuration list for PBXProject "MyDiary APP#5" */;
			compatibilityVersion = "Xcode 9.3";
			developmentRegion = en;
			hasScannedForEncodings = 0;
			knownRegions = (
				en,
				Base,
			);
			mainGroup = A0D89B9F27F5F4E9008C4C1F;
			productRefGroup = A0D89BA927F5F4E9008C4C1F /* Products */;
			projectDirPath = "";
			projectRoot = "";
			targets = (
				A0D89BA727F5F4E9008C4C1F /* MyDiary APP#5 */,
			);
		};
/* End PBXProject section */

/* Begin PBXResourcesBuildPhase section */
		A0D89BA627F5F4E9008C4C1F /* Resources */ = {
			isa = PBXResourcesBuildPhase;
			buildActionMask = 2147483647;
			files = (
				A0D89BB827F5F4EA008C4C1F /* LaunchScreen.storyboard in Resources */,
				A0D89BB527F5F4EA008C4C1F /* Assets.xcassets in Resources */,
				A0D89BB327F5F4E9008C4C1F /* Main.storyboard in Resources */,
			);
			runOnlyForDeploymentPostprocessing = 0;
		};
/* End PBXResourcesBuildPhase section */

/* Begin PBXSourcesBuildPhase section */
		A0D89BA427F5F4E9008C4C1F /* Sources */ = {
			isa = PBXSourcesBuildPhase;
			buildActionMask = 2147483647;
			files = (
				A034D24527F73A44004CFC5C /* DiaryCollectionViewCell.swift in Sources */,
				A034D24B27F73D5D004CFC5C /* WriteDiaryViewController.swift in Sources */,
				A0D89BB027F5F4E9008C4C1F /* ViewController.swift in Sources */,
				A034D24927F73BEA004CFC5C /* StarCollectionViewCell.swift in Sources */,
				A0D89BAC27F5F4E9008C4C1F /* AppDelegate.swift in Sources */,
				A06A4AC727F8091D00C51B90 /* Diary.swift in Sources */,
				A034D24D27F73DC3004CFC5C /* DiaryDetailViewController.swift in Sources */,
				A0D89BAE27F5F4E9008C4C1F /* SceneDelegate.swift in Sources */,
				A034D24727F73AA5004CFC5C /* StarViewController.swift in Sources */,
			);
			runOnlyForDeploymentPostprocessing = 0;
		};
/* End PBXSourcesBuildPhase section */

/* Begin PBXVariantGroup section */
		A0D89BB127F5F4E9008C4C1F /* Main.storyboard */ = {
			isa = PBXVariantGroup;
			children = (
				A0D89BB227F5F4E9008C4C1F /* Base */,
			);
			name = Main.storyboard;
			sourceTree = "<group>";
		};
		A0D89BB627F5F4EA008C4C1F /* LaunchScreen.storyboard */ = {
			isa = PBXVariantGroup;
			children = (
				A0D89BB727F5F4EA008C4C1F /* Base */,
			);
			name = LaunchScreen.storyboard;
			sourceTree = "<group>";
		};
/* End PBXVariantGroup section */

/* Begin XCBuildConfiguration section */
		A0D89BBA27F5F4EA008C4C1F /* Debug */ = {
			isa = XCBuildConfiguration;
			buildSettings = {
				ALWAYS_SEARCH_USER_PATHS = NO;
				CLANG_ANALYZER_NONNULL = YES;
				CLANG_ANALYZER_NUMBER_OBJECT_CONVERSION = YES_AGGRESSIVE;
				CLANG_CXX_LANGUAGE_STANDARD = "gnu++14";
				CLANG_CXX_LIBRARY = "libc++";
				CLANG_ENABLE_MODULES = YES;
				CLANG_ENABLE_OBJC_ARC = YES;
				CLANG_ENABLE_OBJC_WEAK = YES;
				CLANG_WARN_BLOCK_CAPTURE_AUTORELEASING = YES;
				CLANG_WARN_BOOL_CONVERSION = YES;
				CLANG_WARN_COMMA = YES;
				CLANG_WARN_CONSTANT_CONVERSION = YES;
				CLANG_WARN_DEPRECATED_OBJC_IMPLEMENTATIONS = YES;
				CLANG_WARN_DIRECT_OBJC_ISA_USAGE = YES_ERROR;
				CLANG_WARN_DOCUMENTATION_COMMENTS = YES;
				CLANG_WARN_EMPTY_BODY = YES;
				CLANG_WARN_ENUM_CONVERSION = YES;
				CLANG_WARN_INFINITE_RECURSION = YES;
				CLANG_WARN_INT_CONVERSION = YES;
				CLANG_WARN_NON_LITERAL_NULL_CONVERSION = YES;
				CLANG_WARN_OBJC_IMPLICIT_RETAIN_SELF = YES;
				CLANG_WARN_OBJC_LITERAL_CONVERSION = YES;
				CLANG_WARN_OBJC_ROOT_CLASS = YES_ERROR;
				CLANG_WARN_QUOTED_INCLUDE_IN_FRAMEWORK_HEADER = YES;
				CLANG_WARN_RANGE_LOOP_ANALYSIS = YES;
				CLANG_WARN_STRICT_PROTOTYPES = YES;
				CLANG_WARN_SUSPICIOUS_MOVE = YES;
				CLANG_WARN_UNGUARDED_AVAILABILITY = YES_AGGRESSIVE;
				CLANG_WARN_UNREACHABLE_CODE = YES;
				CLANG_WARN__DUPLICATE_METHOD_MATCH = YES;
				COPY_PHASE_STRIP = NO;
				DEBUG_INFORMATION_FORMAT = dwarf;
				ENABLE_STRICT_OBJC_MSGSEND = YES;
				ENABLE_TESTABILITY = YES;
				GCC_C_LANGUAGE_STANDARD = gnu11;
				GCC_DYNAMIC_NO_PIC = NO;
				GCC_NO_COMMON_BLOCKS = YES;
				GCC_OPTIMIZATION_LEVEL = 0;
				GCC_PREPROCESSOR_DEFINITIONS = (
					"DEBUG=1",
					"$(inherited)",
				);
				GCC_WARN_64_TO_32_BIT_CONVERSION = YES;
				GCC_WARN_ABOUT_RETURN_TYPE = YES_ERROR;
				GCC_WARN_UNDECLARED_SELECTOR = YES;
				GCC_WARN_UNINITIALIZED_AUTOS = YES_AGGRESSIVE;
				GCC_WARN_UNUSED_FUNCTION = YES;
				GCC_WARN_UNUSED_VARIABLE = YES;
				IPHONEOS_DEPLOYMENT_TARGET = 14.5;
				MTL_ENABLE_DEBUG_INFO = INCLUDE_SOURCE;
				MTL_FAST_MATH = YES;
				ONLY_ACTIVE_ARCH = YES;
				SDKROOT = iphoneos;
				SWIFT_ACTIVE_COMPILATION_CONDITIONS = DEBUG;
				SWIFT_OPTIMIZATION_LEVEL = "-Onone";
			};
			name = Debug;
		};
		A0D89BBB27F5F4EA008C4C1F /* Release */ = {
			isa = XCBuildConfiguration;
			buildSettings = {
				ALWAYS_SEARCH_USER_PATHS = NO;
				CLANG_ANALYZER_NONNULL = YES;
				CLANG_ANALYZER_NUMBER_OBJECT_CONVERSION = YES_AGGRESSIVE;
				CLANG_CXX_LANGUAGE_STANDARD = "gnu++14";
				CLANG_CXX_LIBRARY = "libc++";
				CLANG_ENABLE_MODULES = YES;
				CLANG_ENABLE_OBJC_ARC = YES;
				CLANG_ENABLE_OBJC_WEAK = YES;
				CLANG_WARN_BLOCK_CAPTURE_AUTORELEASING = YES;
				CLANG_WARN_BOOL_CONVERSION = YES;
				CLANG_WARN_COMMA = YES;
				CLANG_WARN_CONSTANT_CONVERSION = YES;
				CLANG_WARN_DEPRECATED_OBJC_IMPLEMENTATIONS = YES;
				CLANG_WARN_DIRECT_OBJC_ISA_USAGE = YES_ERROR;
				CLANG_WARN_DOCUMENTATION_COMMENTS = YES;
				CLANG_WARN_EMPTY_BODY = YES;
				CLANG_WARN_ENUM_CONVERSION = YES;
				CLANG_WARN_INFINITE_RECURSION = YES;
				CLANG_WARN_INT_CONVERSION = YES;
				CLANG_WARN_NON_LITERAL_NULL_CONVERSION = YES;
				CLANG_WARN_OBJC_IMPLICIT_RETAIN_SELF = YES;
				CLANG_WARN_OBJC_LITERAL_CONVERSION = YES;
				CLANG_WARN_OBJC_ROOT_CLASS = YES_ERROR;
				CLANG_WARN_QUOTED_INCLUDE_IN_FRAMEWORK_HEADER = YES;
				CLANG_WARN_RANGE_LOOP_ANALYSIS = YES;
				CLANG_WARN_STRICT_PROTOTYPES = YES;
				CLANG_WARN_SUSPICIOUS_MOVE = YES;
				CLANG_WARN_UNGUARDED_AVAILABILITY = YES_AGGRESSIVE;
				CLANG_WARN_UNREACHABLE_CODE = YES;
				CLANG_WARN__DUPLICATE_METHOD_MATCH = YES;
				COPY_PHASE_STRIP = NO;
				DEBUG_INFORMATION_FORMAT = "dwarf-with-dsym";
				ENABLE_NS_ASSERTIONS = NO;
				ENABLE_STRICT_OBJC_MSGSEND = YES;
				GCC_C_LANGUAGE_STANDARD = gnu11;
				GCC_NO_COMMON_BLOCKS = YES;
				GCC_WARN_64_TO_32_BIT_CONVERSION = YES;
				GCC_WARN_ABOUT_RETURN_TYPE = YES_ERROR;
				GCC_WARN_UNDECLARED_SELECTOR = YES;
				GCC_WARN_UNINITIALIZED_AUTOS = YES_AGGRESSIVE;
				GCC_WARN_UNUSED_FUNCTION = YES;
				GCC_WARN_UNUSED_VARIABLE = YES;
				IPHONEOS_DEPLOYMENT_TARGET = 14.5;
				MTL_ENABLE_DEBUG_INFO = NO;
				MTL_FAST_MATH = YES;
				SDKROOT = iphoneos;
				SWIFT_COMPILATION_MODE = wholemodule;
				SWIFT_OPTIMIZATION_LEVEL = "-O";
				VALIDATE_PRODUCT = YES;
			};
			name = Release;
		};
		A0D89BBD27F5F4EA008C4C1F /* Debug */ = {
			isa = XCBuildConfiguration;
			buildSettings = {
				ASSETCATALOG_COMPILER_APPICON_NAME = AppIcon;
				ASSETCATALOG_COMPILER_GLOBAL_ACCENT_COLOR_NAME = AccentColor;
				CODE_SIGN_STYLE = Automatic;
				DEVELOPMENT_TEAM = 92RVV74P3B;
				INFOPLIST_FILE = "MyDiary APP#5/Info.plist";
				LD_RUNPATH_SEARCH_PATHS = (
					"$(inherited)",
					"@executable_path/Frameworks",
				);
				PRODUCT_BUNDLE_IDENTIFIER = "com.jiho.MyDiary-APP-5";
				PRODUCT_NAME = "$(TARGET_NAME)";
				SWIFT_VERSION = 5.0;
				TARGETED_DEVICE_FAMILY = "1,2";
			};
			name = Debug;
		};
		A0D89BBE27F5F4EA008C4C1F /* Release */ = {
			isa = XCBuildConfiguration;
			buildSettings = {
				ASSETCATALOG_COMPILER_APPICON_NAME = AppIcon;
				ASSETCATALOG_COMPILER_GLOBAL_ACCENT_COLOR_NAME = AccentColor;
				CODE_SIGN_STYLE = Automatic;
				DEVELOPMENT_TEAM = 92RVV74P3B;
				INFOPLIST_FILE = "MyDiary APP#5/Info.plist";
				LD_RUNPATH_SEARCH_PATHS = (
					"$(inherited)",
					"@executable_path/Frameworks",
				);
				PRODUCT_BUNDLE_IDENTIFIER = "com.jiho.MyDiary-APP-5";
				PRODUCT_NAME = "$(TARGET_NAME)";
				SWIFT_VERSION = 5.0;
				TARGETED_DEVICE_FAMILY = "1,2";
			};
			name = Release;
		};
/* End XCBuildConfiguration section */

/* Begin XCConfigurationList section */
		A0D89BA327F5F4E9008C4C1F /* Build configuration list for PBXProject "MyDiary APP#5" */ = {
			isa = XCConfigurationList;
			buildConfigurations = (
				A0D89BBA27F5F4EA008C4C1F /* Debug */,
				A0D89BBB27F5F4EA008C4C1F /* Release */,
			);
			defaultConfigurationIsVisible = 0;
			defaultConfigurationName = Release;
		};
		A0D89BBC27F5F4EA008C4C1F /* Build configuration list for PBXNativeTarget "MyDiary APP#5" */ = {
			isa = XCConfigurationList;
			buildConfigurations = (
				A0D89BBD27F5F4EA008C4C1F /* Debug */,
				A0D89BBE27F5F4EA008C4C1F /* Release */,
			);
			defaultConfigurationIsVisible = 0;
			defaultConfigurationName = Release;
		};
/* End XCConfigurationList section */
	};
	rootObject = A0D89BA027F5F4E9008C4C1F /* Project object */;
}
